// !$*UTF8*$!
{
	archiveVersion = 1;
	classes = {
	};
	objectVersion = 46;
	objects = {

/* Begin PBXBuildFile section */
		87163B351AAF7327007F915C /* Time.m in Sources */ = {isa = PBXBuildFile; fileRef = 87163B341AAF7327007F915C /* Time.m */; };
		87163B381AAF7C79007F915C /* TimeFormatter.m in Sources */ = {isa = PBXBuildFile; fileRef = 87163B371AAF7C79007F915C /* TimeFormatter.m */; };
		87163B3A1AB03D43007F915C /* Main.xib in Resources */ = {isa = PBXBuildFile; fileRef = 87163B391AB03D43007F915C /* Main.xib */; };
		87163B3C1AB053EB007F915C /* SubtitleWindowController.xib in Resources */ = {isa = PBXBuildFile; fileRef = 87163B3B1AB053EB007F915C /* SubtitleWindowController.xib */; };
		87163B3F1AB05C71007F915C /* SubtitleWindowController.m in Sources */ = {isa = PBXBuildFile; fileRef = 87163B3E1AB05C71007F915C /* SubtitleWindowController.m */; };
		87163B431AB06E81007F915C /* PreferencesWindowController.m in Sources */ = {isa = PBXBuildFile; fileRef = 87163B411AB06E81007F915C /* PreferencesWindowController.m */; };
		87163B441AB06E81007F915C /* PreferencesWindowController.xib in Resources */ = {isa = PBXBuildFile; fileRef = 87163B421AB06E81007F915C /* PreferencesWindowController.xib */; };
		87163B461AB0E8CF007F915C /* AVKit.framework in Frameworks */ = {isa = PBXBuildFile; fileRef = 87163B451AB0E8CF007F915C /* AVKit.framework */; };
		87A08C801AAF069B006CEC25 /* AppDelegate.m in Sources */ = {isa = PBXBuildFile; fileRef = 87A08C7F1AAF069B006CEC25 /* AppDelegate.m */; };
		87A08C821AAF069B006CEC25 /* main.m in Sources */ = {isa = PBXBuildFile; fileRef = 87A08C811AAF069B006CEC25 /* main.m */; };
		87A08C851AAF069B006CEC25 /* ViewController.m in Sources */ = {isa = PBXBuildFile; fileRef = 87A08C841AAF069B006CEC25 /* ViewController.m */; };
		87A08C871AAF069B006CEC25 /* Images.xcassets in Resources */ = {isa = PBXBuildFile; fileRef = 87A08C861AAF069B006CEC25 /* Images.xcassets */; };
		87A08C961AAF069B006CEC25 /* SubtitlesTests.m in Sources */ = {isa = PBXBuildFile; fileRef = 87A08C951AAF069B006CEC25 /* SubtitlesTests.m */; };
		87A08CA11AAF100A006CEC25 /* Subtitle.m in Sources */ = {isa = PBXBuildFile; fileRef = 87A08CA01AAF100A006CEC25 /* Subtitle.m */; };
		87D227F71ABACBCD00F326FA /* SubtitleView.m in Sources */ = {isa = PBXBuildFile; fileRef = 87163B481AB0F83E007F915C /* SubtitleView.m */; };
/* End PBXBuildFile section */

/* Begin PBXContainerItemProxy section */
		87A08C901AAF069B006CEC25 /* PBXContainerItemProxy */ = {
			isa = PBXContainerItemProxy;
			containerPortal = 87A08C711AAF069B006CEC25 /* Project object */;
			proxyType = 1;
			remoteGlobalIDString = 87A08C781AAF069B006CEC25;
			remoteInfo = Subtitles;
		};
/* End PBXContainerItemProxy section */

/* Begin PBXFileReference section */
		87163B331AAF7327007F915C /* Time.h */ = {isa = PBXFileReference; fileEncoding = 4; lastKnownFileType = sourcecode.c.h; path = Time.h; sourceTree = "<group>"; };
		87163B341AAF7327007F915C /* Time.m */ = {isa = PBXFileReference; fileEncoding = 4; lastKnownFileType = sourcecode.c.objc; path = Time.m; sourceTree = "<group>"; };
		87163B361AAF7C79007F915C /* TimeFormatter.h */ = {isa = PBXFileReference; fileEncoding = 4; lastKnownFileType = sourcecode.c.h; path = TimeFormatter.h; sourceTree = "<group>"; };
		87163B371AAF7C79007F915C /* TimeFormatter.m */ = {isa = PBXFileReference; fileEncoding = 4; lastKnownFileType = sourcecode.c.objc; path = TimeFormatter.m; sourceTree = "<group>"; };
		87163B391AB03D43007F915C /* Main.xib */ = {isa = PBXFileReference; fileEncoding = 4; lastKnownFileType = file.xib; path = Main.xib; sourceTree = "<group>"; };
		87163B3B1AB053EB007F915C /* SubtitleWindowController.xib */ = {isa = PBXFileReference; fileEncoding = 4; lastKnownFileType = file.xib; path = SubtitleWindowController.xib; sourceTree = "<group>"; };
		87163B3D1AB05C71007F915C /* SubtitleWindowController.h */ = {isa = PBXFileReference; fileEncoding = 4; lastKnownFileType = sourcecode.c.h; path = SubtitleWindowController.h; sourceTree = "<group>"; };
		87163B3E1AB05C71007F915C /* SubtitleWindowController.m */ = {isa = PBXFileReference; fileEncoding = 4; lastKnownFileType = sourcecode.c.objc; path = SubtitleWindowController.m; sourceTree = "<group>"; };
		87163B401AB06E81007F915C /* PreferencesWindowController.h */ = {isa = PBXFileReference; fileEncoding = 4; lastKnownFileType = sourcecode.c.h; path = PreferencesWindowController.h; sourceTree = "<group>"; };
		87163B411AB06E81007F915C /* PreferencesWindowController.m */ = {isa = PBXFileReference; fileEncoding = 4; lastKnownFileType = sourcecode.c.objc; path = PreferencesWindowController.m; sourceTree = "<group>"; };
		87163B421AB06E81007F915C /* PreferencesWindowController.xib */ = {isa = PBXFileReference; fileEncoding = 4; lastKnownFileType = file.xib; path = PreferencesWindowController.xib; sourceTree = "<group>"; };
		87163B451AB0E8CF007F915C /* AVKit.framework */ = {isa = PBXFileReference; lastKnownFileType = wrapper.framework; name = AVKit.framework; path = Platforms/MacOSX.platform/Developer/SDKs/MacOSX10.9.sdk/System/Library/Frameworks/AVKit.framework; sourceTree = DEVELOPER_DIR; };
		87163B471AB0F83E007F915C /* SubtitleView.h */ = {isa = PBXFileReference; fileEncoding = 4; lastKnownFileType = sourcecode.c.h; path = SubtitleView.h; sourceTree = "<group>"; };
		87163B481AB0F83E007F915C /* SubtitleView.m */ = {isa = PBXFileReference; fileEncoding = 4; lastKnownFileType = sourcecode.c.objc; path = SubtitleView.m; sourceTree = "<group>"; };
		87A08C791AAF069B006CEC25 /* Subtitles.app */ = {isa = PBXFileReference; explicitFileType = wrapper.application; includeInIndex = 0; path = Subtitles.app; sourceTree = BUILT_PRODUCTS_DIR; };
		87A08C7D1AAF069B006CEC25 /* Info.plist */ = {isa = PBXFileReference; lastKnownFileType = text.plist.xml; path = Info.plist; sourceTree = "<group>"; };
		87A08C7E1AAF069B006CEC25 /* AppDelegate.h */ = {isa = PBXFileReference; lastKnownFileType = sourcecode.c.h; path = AppDelegate.h; sourceTree = "<group>"; };
		87A08C7F1AAF069B006CEC25 /* AppDelegate.m */ = {isa = PBXFileReference; lastKnownFileType = sourcecode.c.objc; path = AppDelegate.m; sourceTree = "<group>"; };
		87A08C811AAF069B006CEC25 /* main.m */ = {isa = PBXFileReference; lastKnownFileType = sourcecode.c.objc; path = main.m; sourceTree = "<group>"; };
		87A08C831AAF069B006CEC25 /* ViewController.h */ = {isa = PBXFileReference; lastKnownFileType = sourcecode.c.h; path = ViewController.h; sourceTree = "<group>"; };
		87A08C841AAF069B006CEC25 /* ViewController.m */ = {isa = PBXFileReference; lastKnownFileType = sourcecode.c.objc; path = ViewController.m; sourceTree = "<group>"; };
		87A08C861AAF069B006CEC25 /* Images.xcassets */ = {isa = PBXFileReference; lastKnownFileType = folder.assetcatalog; path = Images.xcassets; sourceTree = "<group>"; };
		87A08C891AAF069B006CEC25 /* Base */ = {isa = PBXFileReference; lastKnownFileType = file.storyboard; name = Base; path = Base.lproj/Main.storyboard; sourceTree = "<group>"; };
		87A08C8F1AAF069B006CEC25 /* SubtitlesTests.xctest */ = {isa = PBXFileReference; explicitFileType = wrapper.cfbundle; includeInIndex = 0; path = SubtitlesTests.xctest; sourceTree = BUILT_PRODUCTS_DIR; };
		87A08C941AAF069B006CEC25 /* Info.plist */ = {isa = PBXFileReference; lastKnownFileType = text.plist.xml; path = Info.plist; sourceTree = "<group>"; };
		87A08C951AAF069B006CEC25 /* SubtitlesTests.m */ = {isa = PBXFileReference; lastKnownFileType = sourcecode.c.objc; path = SubtitlesTests.m; sourceTree = "<group>"; };
		87A08C9F1AAF100A006CEC25 /* Subtitle.h */ = {isa = PBXFileReference; fileEncoding = 4; lastKnownFileType = sourcecode.c.h; path = Subtitle.h; sourceTree = "<group>"; };
		87A08CA01AAF100A006CEC25 /* Subtitle.m */ = {isa = PBXFileReference; fileEncoding = 4; lastKnownFileType = sourcecode.c.objc; path = Subtitle.m; sourceTree = "<group>"; };
/* End PBXFileReference section */

/* Begin PBXFrameworksBuildPhase section */
		87A08C761AAF069B006CEC25 /* Frameworks */ = {
			isa = PBXFrameworksBuildPhase;
			buildActionMask = 2147483647;
			files = (
				87163B461AB0E8CF007F915C /* AVKit.framework in Frameworks */,
			);
			runOnlyForDeploymentPostprocessing = 0;
		};
		87A08C8C1AAF069B006CEC25 /* Frameworks */ = {
			isa = PBXFrameworksBuildPhase;
			buildActionMask = 2147483647;
			files = (
			);
			runOnlyForDeploymentPostprocessing = 0;
		};
/* End PBXFrameworksBuildPhase section */

/* Begin PBXGroup section */
		87A08C701AAF069B006CEC25 = {
			isa = PBXGroup;
			children = (
				87163B451AB0E8CF007F915C /* AVKit.framework */,
				87A08C7B1AAF069B006CEC25 /* Subtitles */,
				87A08C921AAF069B006CEC25 /* SubtitlesTests */,
				87A08C7A1AAF069B006CEC25 /* Products */,
			);
			sourceTree = "<group>";
		};
		87A08C7A1AAF069B006CEC25 /* Products */ = {
			isa = PBXGroup;
			children = (
				87A08C791AAF069B006CEC25 /* Subtitles.app */,
				87A08C8F1AAF069B006CEC25 /* SubtitlesTests.xctest */,
			);
			name = Products;
			sourceTree = "<group>";
		};
		87A08C7B1AAF069B006CEC25 /* Subtitles */ = {
			isa = PBXGroup;
			children = (
				87A08C7E1AAF069B006CEC25 /* AppDelegate.h */,
				87A08C7F1AAF069B006CEC25 /* AppDelegate.m */,
				87A08C9F1AAF100A006CEC25 /* Subtitle.h */,
				87A08CA01AAF100A006CEC25 /* Subtitle.m */,
				87163B3D1AB05C71007F915C /* SubtitleWindowController.h */,
				87163B3E1AB05C71007F915C /* SubtitleWindowController.m */,
				87163B471AB0F83E007F915C /* SubtitleView.h */,
				87163B481AB0F83E007F915C /* SubtitleView.m */,
				87163B3B1AB053EB007F915C /* SubtitleWindowController.xib */,
				87163B401AB06E81007F915C /* PreferencesWindowController.h */,
				87163B411AB06E81007F915C /* PreferencesWindowController.m */,
				87163B421AB06E81007F915C /* PreferencesWindowController.xib */,
				87163B331AAF7327007F915C /* Time.h */,
				87163B341AAF7327007F915C /* Time.m */,
				87163B361AAF7C79007F915C /* TimeFormatter.h */,
				87163B371AAF7C79007F915C /* TimeFormatter.m */,
				87A08C831AAF069B006CEC25 /* ViewController.h */,
				87A08C841AAF069B006CEC25 /* ViewController.m */,
				87A08C861AAF069B006CEC25 /* Images.xcassets */,
				87A08C881AAF069B006CEC25 /* Main.storyboard */,
				87163B391AB03D43007F915C /* Main.xib */,
				87A08C7C1AAF069B006CEC25 /* Supporting Files */,
			);
			path = Subtitles;
			sourceTree = "<group>";
		};
		87A08C7C1AAF069B006CEC25 /* Supporting Files */ = {
			isa = PBXGroup;
			children = (
				87A08C7D1AAF069B006CEC25 /* Info.plist */,
				87A08C811AAF069B006CEC25 /* main.m */,
			);
			name = "Supporting Files";
			sourceTree = "<group>";
		};
		87A08C921AAF069B006CEC25 /* SubtitlesTests */ = {
			isa = PBXGroup;
			children = (
				87A08C951AAF069B006CEC25 /* SubtitlesTests.m */,
				87A08C931AAF069B006CEC25 /* Supporting Files */,
			);
			path = SubtitlesTests;
			sourceTree = "<group>";
		};
		87A08C931AAF069B006CEC25 /* Supporting Files */ = {
			isa = PBXGroup;
			children = (
				87A08C941AAF069B006CEC25 /* Info.plist */,
			);
			name = "Supporting Files";
			sourceTree = "<group>";
		};
/* End PBXGroup section */

/* Begin PBXNativeTarget section */
		87A08C781AAF069B006CEC25 /* Subtitles */ = {
			isa = PBXNativeTarget;
			buildConfigurationList = 87A08C991AAF069B006CEC25 /* Build configuration list for PBXNativeTarget "Subtitles" */;
			buildPhases = (
				87A08C751AAF069B006CEC25 /* Sources */,
				87A08C761AAF069B006CEC25 /* Frameworks */,
				87A08C771AAF069B006CEC25 /* Resources */,
			);
			buildRules = (
			);
			dependencies = (
			);
			name = Subtitles;
			productName = Subtitles;
			productReference = 87A08C791AAF069B006CEC25 /* Subtitles.app */;
			productType = "com.apple.product-type.application";
		};
		87A08C8E1AAF069B006CEC25 /* SubtitlesTests */ = {
			isa = PBXNativeTarget;
			buildConfigurationList = 87A08C9C1AAF069B006CEC25 /* Build configuration list for PBXNativeTarget "SubtitlesTests" */;
			buildPhases = (
				87A08C8B1AAF069B006CEC25 /* Sources */,
				87A08C8C1AAF069B006CEC25 /* Frameworks */,
				87A08C8D1AAF069B006CEC25 /* Resources */,
			);
			buildRules = (
			);
			dependencies = (
				87A08C911AAF069B006CEC25 /* PBXTargetDependency */,
			);
			name = SubtitlesTests;
			productName = SubtitlesTests;
			productReference = 87A08C8F1AAF069B006CEC25 /* SubtitlesTests.xctest */;
			productType = "com.apple.product-type.bundle.unit-test";
		};
/* End PBXNativeTarget section */

/* Begin PBXProject section */
		87A08C711AAF069B006CEC25 /* Project object */ = {
			isa = PBXProject;
			attributes = {
				LastUpgradeCheck = 0610;
				ORGANIZATIONNAME = "Enie Studio";
				TargetAttributes = {
					87A08C781AAF069B006CEC25 = {
						CreatedOnToolsVersion = 6.1.1;
					};
					87A08C8E1AAF069B006CEC25 = {
						CreatedOnToolsVersion = 6.1.1;
						TestTargetID = 87A08C781AAF069B006CEC25;
					};
				};
			};
			buildConfigurationList = 87A08C741AAF069B006CEC25 /* Build configuration list for PBXProject "Subtitles" */;
			compatibilityVersion = "Xcode 3.2";
			developmentRegion = English;
			hasScannedForEncodings = 0;
			knownRegions = (
				en,
				Base,
			);
			mainGroup = 87A08C701AAF069B006CEC25;
			productRefGroup = 87A08C7A1AAF069B006CEC25 /* Products */;
			projectDirPath = "";
			projectRoot = "";
			targets = (
				87A08C781AAF069B006CEC25 /* Subtitles */,
				87A08C8E1AAF069B006CEC25 /* SubtitlesTests */,
			);
		};
/* End PBXProject section */

/* Begin PBXResourcesBuildPhase section */
		87A08C771AAF069B006CEC25 /* Resources */ = {
			isa = PBXResourcesBuildPhase;
			buildActionMask = 2147483647;
			files = (
				87163B441AB06E81007F915C /* PreferencesWindowController.xib in Resources */,
				87A08C871AAF069B006CEC25 /* Images.xcassets in Resources */,
				87163B3C1AB053EB007F915C /* SubtitleWindowController.xib in Resources */,
				87163B3A1AB03D43007F915C /* Main.xib in Resources */,
			);
			runOnlyForDeploymentPostprocessing = 0;
		};
		87A08C8D1AAF069B006CEC25 /* Resources */ = {
			isa = PBXResourcesBuildPhase;
			buildActionMask = 2147483647;
			files = (
			);
			runOnlyForDeploymentPostprocessing = 0;
		};
/* End PBXResourcesBuildPhase section */

/* Begin PBXSourcesBuildPhase section */
		87A08C751AAF069B006CEC25 /* Sources */ = {
			isa = PBXSourcesBuildPhase;
			buildActionMask = 2147483647;
			files = (
				87163B431AB06E81007F915C /* PreferencesWindowController.m in Sources */,
				87163B351AAF7327007F915C /* Time.m in Sources */,
				87A08C851AAF069B006CEC25 /* ViewController.m in Sources */,
				87163B3F1AB05C71007F915C /* SubtitleWindowController.m in Sources */,
				87A08CA11AAF100A006CEC25 /* Subtitle.m in Sources */,
				87A08C821AAF069B006CEC25 /* main.m in Sources */,
				87A08C801AAF069B006CEC25 /* AppDelegate.m in Sources */,
				87163B381AAF7C79007F915C /* TimeFormatter.m in Sources */,
				87D227F71ABACBCD00F326FA /* SubtitleView.m in Sources */,
			);
			runOnlyForDeploymentPostprocessing = 0;
		};
		87A08C8B1AAF069B006CEC25 /* Sources */ = {
			isa = PBXSourcesBuildPhase;
			buildActionMask = 2147483647;
			files = (
				87A08C961AAF069B006CEC25 /* SubtitlesTests.m in Sources */,
			);
			runOnlyForDeploymentPostprocessing = 0;
		};
/* End PBXSourcesBuildPhase section */

/* Begin PBXTargetDependency section */
		87A08C911AAF069B006CEC25 /* PBXTargetDependency */ = {
			isa = PBXTargetDependency;
			target = 87A08C781AAF069B006CEC25 /* Subtitles */;
			targetProxy = 87A08C901AAF069B006CEC25 /* PBXContainerItemProxy */;
		};
/* End PBXTargetDependency section */

/* Begin PBXVariantGroup section */
		87A08C881AAF069B006CEC25 /* Main.storyboard */ = {
			isa = PBXVariantGroup;
			children = (
				87A08C891AAF069B006CEC25 /* Base */,
			);
			name = Main.storyboard;
			sourceTree = "<group>";
		};
/* End PBXVariantGroup section */

/* Begin XCBuildConfiguration section */
		87A08C971AAF069B006CEC25 /* Debug */ = {
			isa = XCBuildConfiguration;
			buildSettings = {
				ALWAYS_SEARCH_USER_PATHS = NO;
				CLANG_CXX_LANGUAGE_STANDARD = "gnu++0x";
				CLANG_CXX_LIBRARY = "libc++";
				CLANG_ENABLE_MODULES = YES;
				CLANG_ENABLE_OBJC_ARC = YES;
				CLANG_WARN_BOOL_CONVERSION = YES;
				CLANG_WARN_CONSTANT_CONVERSION = YES;
				CLANG_WARN_DIRECT_OBJC_ISA_USAGE = YES_ERROR;
				CLANG_WARN_EMPTY_BODY = YES;
				CLANG_WARN_ENUM_CONVERSION = YES;
				CLANG_WARN_INT_CONVERSION = YES;
				CLANG_WARN_OBJC_ROOT_CLASS = YES_ERROR;
				CLANG_WARN_UNREACHABLE_CODE = YES;
				CLANG_WARN__DUPLICATE_METHOD_MATCH = YES;
				CODE_SIGN_IDENTITY = "-";
				COPY_PHASE_STRIP = NO;
				ENABLE_STRICT_OBJC_MSGSEND = YES;
				GCC_C_LANGUAGE_STANDARD = gnu99;
				GCC_DYNAMIC_NO_PIC = NO;
				GCC_OPTIMIZATION_LEVEL = 0;
				GCC_PREPROCESSOR_DEFINITIONS = (
					"DEBUG=1",
					"$(inherited)",
				);
				GCC_SYMBOLS_PRIVATE_EXTERN = NO;
				GCC_WARN_64_TO_32_BIT_CONVERSION = YES;
				GCC_WARN_ABOUT_RETURN_TYPE = YES_ERROR;
				GCC_WARN_UNDECLARED_SELECTOR = YES;
				GCC_WARN_UNINITIALIZED_AUTOS = YES_AGGRESSIVE;
				GCC_WARN_UNUSED_FUNCTION = YES;
				GCC_WARN_UNUSED_VARIABLE = YES;
				MACOSX_DEPLOYMENT_TARGET = 10.10;
				MTL_ENABLE_DEBUG_INFO = YES;
				ONLY_ACTIVE_ARCH = YES;
				SDKROOT = macosx;
			};
			name = Debug;
		};
		87A08C981AAF069B006CEC25 /* Release */ = {
			isa = XCBuildConfiguration;
			buildSettings = {
				ALWAYS_SEARCH_USER_PATHS = NO;
				CLANG_CXX_LANGUAGE_STANDARD = "gnu++0x";
				CLANG_CXX_LIBRARY = "libc++";
				CLANG_ENABLE_MODULES = YES;
				CLANG_ENABLE_OBJC_ARC = YES;
				CLANG_WARN_BOOL_CONVERSION = YES;
				CLANG_WARN_CONSTANT_CONVERSION = YES;
				CLANG_WARN_DIRECT_OBJC_ISA_USAGE = YES_ERROR;
				CLANG_WARN_EMPTY_BODY = YES;
				CLANG_WARN_ENUM_CONVERSION = YES;
				CLANG_WARN_INT_CONVERSION = YES;
				CLANG_WARN_OBJC_ROOT_CLASS = YES_ERROR;
				CLANG_WARN_UNREACHABLE_CODE = YES;
				CLANG_WARN__DUPLICATE_METHOD_MATCH = YES;
				CODE_SIGN_IDENTITY = "-";
				COPY_PHASE_STRIP = YES;
				DEBUG_INFORMATION_FORMAT = "dwarf-with-dsym";
				ENABLE_NS_ASSERTIONS = NO;
				ENABLE_STRICT_OBJC_MSGSEND = YES;
				GCC_C_LANGUAGE_STANDARD = gnu99;
				GCC_WARN_64_TO_32_BIT_CONVERSION = YES;
				GCC_WARN_ABOUT_RETURN_TYPE = YES_ERROR;
				GCC_WARN_UNDECLARED_SELECTOR = YES;
				GCC_WARN_UNINITIALIZED_AUTOS = YES_AGGRESSIVE;
				GCC_WARN_UNUSED_FUNCTION = YES;
				GCC_WARN_UNUSED_VARIABLE = YES;
				MACOSX_DEPLOYMENT_TARGET = 10.10;
				MTL_ENABLE_DEBUG_INFO = NO;
				SDKROOT = macosx;
			};
			name = Release;
		};
		87A08C9A1AAF069B006CEC25 /* Debug */ = {
			isa = XCBuildConfiguration;
			buildSettings = {
				ASSETCATALOG_COMPILER_APPICON_NAME = AppIcon;
				COMBINE_HIDPI_IMAGES = YES;
				INFOPLIST_FILE = Subtitles/Info.plist;
				LD_RUNPATH_SEARCH_PATHS = "$(inherited) @executable_path/../Frameworks";
				MACOSX_DEPLOYMENT_TARGET = 10.9;
				PRODUCT_NAME = "$(TARGET_NAME)";
				SDKROOT = macosx10.10;
			};
			name = Debug;
		};
		87A08C9B1AAF069B006CEC25 /* Release */ = {
			isa = XCBuildConfiguration;
			buildSettings = {
				ASSETCATALOG_COMPILER_APPICON_NAME = AppIcon;
				COMBINE_HIDPI_IMAGES = YES;
				INFOPLIST_FILE = Subtitles/Info.plist;
				LD_RUNPATH_SEARCH_PATHS = "$(inherited) @executable_path/../Frameworks";
				MACOSX_DEPLOYMENT_TARGET = 10.9;
				PRODUCT_NAME = "$(TARGET_NAME)";
				SDKROOT = macosx10.10;
			};
			name = Release;
		};
		87A08C9D1AAF069B006CEC25 /* Debug */ = {
			isa = XCBuildConfiguration;
			buildSettings = {
				BUNDLE_LOADER = "$(TEST_HOST)";
				COMBINE_HIDPI_IMAGES = YES;
				FRAMEWORK_SEARCH_PATHS = (
					"$(DEVELOPER_FRAMEWORKS_DIR)",
					"$(inherited)",
				);
				GCC_PREPROCESSOR_DEFINITIONS = (
					"DEBUG=1",
					"$(inherited)",
				);
				INFOPLIST_FILE = SubtitlesTests/Info.plist;
				LD_RUNPATH_SEARCH_PATHS = "$(inherited) @executable_path/../Frameworks @loader_path/../Frameworks";
				PRODUCT_NAME = "$(TARGET_NAME)";
				TEST_HOST = "$(BUILT_PRODUCTS_DIR)/Subtitles.app/Contents/MacOS/Subtitles";
			};
			name = Debug;
		};
		87A08C9E1AAF069B006CEC25 /* Release */ = {
			isa = XCBuildConfiguration;
			buildSettings = {
				BUNDLE_LOADER = "$(TEST_HOST)";
				COMBINE_HIDPI_IMAGES = YES;
				FRAMEWORK_SEARCH_PATHS = (
					"$(DEVELOPER_FRAMEWORKS_DIR)",
					"$(inherited)",
				);
				INFOPLIST_FILE = SubtitlesTests/Info.plist;
				LD_RUNPATH_SEARCH_PATHS = "$(inherited) @executable_path/../Frameworks @loader_path/../Frameworks";
				PRODUCT_NAME = "$(TARGET_NAME)";
				TEST_HOST = "$(BUILT_PRODUCTS_DIR)/Subtitles.app/Contents/MacOS/Subtitles";
			};
			name = Release;
		};
/* End XCBuildConfiguration section */

/* Begin XCConfigurationList section */
		87A08C741AAF069B006CEC25 /* Build configuration list for PBXProject "Subtitles" */ = {
			isa = XCConfigurationList;
			buildConfigurations = (
				87A08C971AAF069B006CEC25 /* Debug */,
				87A08C981AAF069B006CEC25 /* Release */,
			);
			defaultConfigurationIsVisible = 0;
			defaultConfigurationName = Release;
		};
		87A08C991AAF069B006CEC25 /* Build configuration list for PBXNativeTarget "Subtitles" */ = {
			isa = XCConfigurationList;
			buildConfigurations = (
				87A08C9A1AAF069B006CEC25 /* Debug */,
				87A08C9B1AAF069B006CEC25 /* Release */,
			);
			defaultConfigurationIsVisible = 0;
			defaultConfigurationName = Release;
		};
		87A08C9C1AAF069B006CEC25 /* Build configuration list for PBXNativeTarget "SubtitlesTests" */ = {
			isa = XCConfigurationList;
			buildConfigurations = (
				87A08C9D1AAF069B006CEC25 /* Debug */,
				87A08C9E1AAF069B006CEC25 /* Release */,
			);
			defaultConfigurationIsVisible = 0;
			defaultConfigurationName = Release;
		};
/* End XCConfigurationList section */
	};
	rootObject = 87A08C711AAF069B006CEC25 /* Project object */;
}
